// !$*UTF8*$!
{
	archiveVersion = 1;
	classes = {
	};
	objectVersion = 56;
	objects = {

/* Begin PBXBuildFile section */
		84260C2F2AC9F13300FFA5E6 /* RegistrationView.swift in Sources */ = {isa = PBXBuildFile; fileRef = 84260C2E2AC9F13300FFA5E6 /* RegistrationView.swift */; };
		84CF63B02AD1BA1C00599E46 /* ForgetPassView.swift in Sources */ = {isa = PBXBuildFile; fileRef = 84CF63AF2AD1BA1C00599E46 /* ForgetPassView.swift */; };
		A1CFD72F29F0214900ED183D /* NoDenyApp.swift in Sources */ = {isa = PBXBuildFile; fileRef = A1CFD72E29F0214900ED183D /* NoDenyApp.swift */; };
		A1CFD73129F0214900ED183D /* AuthView.swift in Sources */ = {isa = PBXBuildFile; fileRef = A1CFD73029F0214900ED183D /* AuthView.swift */; };
		A1CFD73329F0214A00ED183D /* Assets.xcassets in Resources */ = {isa = PBXBuildFile; fileRef = A1CFD73229F0214A00ED183D /* Assets.xcassets */; };
		A1CFD73629F0214A00ED183D /* Preview Assets.xcassets in Resources */ = {isa = PBXBuildFile; fileRef = A1CFD73529F0214A00ED183D /* Preview Assets.xcassets */; };
		A1CFD73D29F0472F00ED183D /* MainMenu.swift in Sources */ = {isa = PBXBuildFile; fileRef = A1CFD73C29F0472F00ED183D /* MainMenu.swift */; };
		A1D13A0829F27B5E00DEA0E7 /* ProfileView.swift in Sources */ = {isa = PBXBuildFile; fileRef = A1D13A0729F27B5E00DEA0E7 /* ProfileView.swift */; };
		A1D13A0A29F27B8800DEA0E7 /* UslugiView.swift in Sources */ = {isa = PBXBuildFile; fileRef = A1D13A0929F27B8800DEA0E7 /* UslugiView.swift */; };
		A1D13A0C29F27B9B00DEA0E7 /* SeansyView.swift in Sources */ = {isa = PBXBuildFile; fileRef = A1D13A0B29F27B9B00DEA0E7 /* SeansyView.swift */; };
		A1D13A0E29F27BAF00DEA0E7 /* PaysView.swift in Sources */ = {isa = PBXBuildFile; fileRef = A1D13A0D29F27BAF00DEA0E7 /* PaysView.swift */; };
		A1D13A1129F39BB100DEA0E7 /* JsonData.swift in Sources */ = {isa = PBXBuildFile; fileRef = A1D13A1029F39BB100DEA0E7 /* JsonData.swift */; };
		A1D13A1329F39CC300DEA0E7 /* TarifCell.swift in Sources */ = {isa = PBXBuildFile; fileRef = A1D13A1229F39CC300DEA0E7 /* TarifCell.swift */; };
		A1D13A1629F407EC00DEA0E7 /* parcer.swift in Sources */ = {isa = PBXBuildFile; fileRef = A1D13A1529F407EC00DEA0E7 /* parcer.swift */; };
/* End PBXBuildFile section */

/* Begin PBXFileReference section */
		84260C2E2AC9F13300FFA5E6 /* RegistrationView.swift */ = {isa = PBXFileReference; indentWidth = 4; lastKnownFileType = sourcecode.swift; path = RegistrationView.swift; sourceTree = "<group>"; tabWidth = 4; };
		84CF63AF2AD1BA1C00599E46 /* ForgetPassView.swift */ = {isa = PBXFileReference; lastKnownFileType = sourcecode.swift; path = ForgetPassView.swift; sourceTree = "<group>"; };
		A1CFD72B29F0214900ED183D /* NoDeny.app */ = {isa = PBXFileReference; explicitFileType = wrapper.application; includeInIndex = 0; path = NoDeny.app; sourceTree = BUILT_PRODUCTS_DIR; };
		A1CFD72E29F0214900ED183D /* NoDenyApp.swift */ = {isa = PBXFileReference; lastKnownFileType = sourcecode.swift; path = NoDenyApp.swift; sourceTree = "<group>"; };
		A1CFD73029F0214900ED183D /* AuthView.swift */ = {isa = PBXFileReference; lastKnownFileType = sourcecode.swift; path = AuthView.swift; sourceTree = "<group>"; };
		A1CFD73229F0214A00ED183D /* Assets.xcassets */ = {isa = PBXFileReference; lastKnownFileType = folder.assetcatalog; path = Assets.xcassets; sourceTree = "<group>"; };
		A1CFD73529F0214A00ED183D /* Preview Assets.xcassets */ = {isa = PBXFileReference; lastKnownFileType = folder.assetcatalog; path = "Preview Assets.xcassets"; sourceTree = "<group>"; };
		A1CFD73C29F0472F00ED183D /* MainMenu.swift */ = {isa = PBXFileReference; lastKnownFileType = sourcecode.swift; path = MainMenu.swift; sourceTree = "<group>"; };
		A1D13A0729F27B5E00DEA0E7 /* ProfileView.swift */ = {isa = PBXFileReference; lastKnownFileType = sourcecode.swift; path = ProfileView.swift; sourceTree = "<group>"; };
		A1D13A0929F27B8800DEA0E7 /* UslugiView.swift */ = {isa = PBXFileReference; lastKnownFileType = sourcecode.swift; path = UslugiView.swift; sourceTree = "<group>"; };
		A1D13A0B29F27B9B00DEA0E7 /* SeansyView.swift */ = {isa = PBXFileReference; lastKnownFileType = sourcecode.swift; path = SeansyView.swift; sourceTree = "<group>"; };
		A1D13A0D29F27BAF00DEA0E7 /* PaysView.swift */ = {isa = PBXFileReference; lastKnownFileType = sourcecode.swift; path = PaysView.swift; sourceTree = "<group>"; };
		A1D13A1029F39BB100DEA0E7 /* JsonData.swift */ = {isa = PBXFileReference; lastKnownFileType = sourcecode.swift; path = JsonData.swift; sourceTree = "<group>"; };
		A1D13A1229F39CC300DEA0E7 /* TarifCell.swift */ = {isa = PBXFileReference; lastKnownFileType = sourcecode.swift; path = TarifCell.swift; sourceTree = "<group>"; };
		A1D13A1529F407EC00DEA0E7 /* parcer.swift */ = {isa = PBXFileReference; lastKnownFileType = sourcecode.swift; path = parcer.swift; sourceTree = "<group>"; };
/* End PBXFileReference section */

/* Begin PBXFrameworksBuildPhase section */
		A1CFD72829F0214900ED183D /* Frameworks */ = {
			isa = PBXFrameworksBuildPhase;
			buildActionMask = 2147483647;
			files = (
			);
			runOnlyForDeploymentPostprocessing = 0;
		};
/* End PBXFrameworksBuildPhase section */

/* Begin PBXGroup section */
		A1CFD72229F0214900ED183D = {
			isa = PBXGroup;
			children = (
				A1CFD72D29F0214900ED183D /* NoDeny */,
				A1CFD72C29F0214900ED183D /* Products */,
			);
			sourceTree = "<group>";
		};
		A1CFD72C29F0214900ED183D /* Products */ = {
			isa = PBXGroup;
			children = (
				A1CFD72B29F0214900ED183D /* NoDeny.app */,
			);
			name = Products;
			sourceTree = "<group>";
		};
		A1CFD72D29F0214900ED183D /* NoDeny */ = {
			isa = PBXGroup;
			children = (
				A1D13A1429F39CCC00DEA0E7 /* Products */,
				A1D13A0F29F27CAB00DEA0E7 /* View */,
				A1D13A1029F39BB100DEA0E7 /* JsonData.swift */,
				A1D13A1529F407EC00DEA0E7 /* parcer.swift */,
				A1CFD72E29F0214900ED183D /* NoDenyApp.swift */,
				A1CFD73229F0214A00ED183D /* Assets.xcassets */,
				A1CFD73429F0214A00ED183D /* Preview Content */,
			);
			path = NoDeny;
			sourceTree = "<group>";
		};
		A1CFD73429F0214A00ED183D /* Preview Content */ = {
			isa = PBXGroup;
			children = (
				A1CFD73529F0214A00ED183D /* Preview Assets.xcassets */,
			);
			path = "Preview Content";
			sourceTree = "<group>";
		};
		A1D13A0F29F27CAB00DEA0E7 /* View */ = {
			isa = PBXGroup;
			children = (
				A1CFD73029F0214900ED183D /* AuthView.swift */,
				84260C2E2AC9F13300FFA5E6 /* RegistrationView.swift */,
				A1CFD73C29F0472F00ED183D /* MainMenu.swift */,
				A1D13A0729F27B5E00DEA0E7 /* ProfileView.swift */,
				A1D13A0929F27B8800DEA0E7 /* UslugiView.swift */,
				A1D13A0B29F27B9B00DEA0E7 /* SeansyView.swift */,
				A1D13A0D29F27BAF00DEA0E7 /* PaysView.swift */,
				84CF63AF2AD1BA1C00599E46 /* ForgetPassView.swift */,
			);
			path = View;
			sourceTree = "<group>";
		};
		A1D13A1429F39CCC00DEA0E7 /* Products */ = {
			isa = PBXGroup;
			children = (
				A1D13A1229F39CC300DEA0E7 /* TarifCell.swift */,
			);
			path = Products;
			sourceTree = "<group>";
		};
/* End PBXGroup section */

/* Begin PBXNativeTarget section */
		A1CFD72A29F0214900ED183D /* NoDeny */ = {
			isa = PBXNativeTarget;
			buildConfigurationList = A1CFD73929F0214A00ED183D /* Build configuration list for PBXNativeTarget "NoDeny" */;
			buildPhases = (
				A1CFD72729F0214900ED183D /* Sources */,
				A1CFD72829F0214900ED183D /* Frameworks */,
				A1CFD72929F0214900ED183D /* Resources */,
			);
			buildRules = (
			);
			dependencies = (
			);
			name = NoDeny;
			productName = NoDeny;
			productReference = A1CFD72B29F0214900ED183D /* NoDeny.app */;
			productType = "com.apple.product-type.application";
		};
/* End PBXNativeTarget section */

/* Begin PBXProject section */
		A1CFD72329F0214900ED183D /* Project object */ = {
			isa = PBXProject;
			attributes = {
				BuildIndependentTargetsInParallel = 1;
				LastSwiftUpdateCheck = 1430;
				LastUpgradeCheck = 1500;
				TargetAttributes = {
					A1CFD72A29F0214900ED183D = {
						CreatedOnToolsVersion = 14.3;
					};
				};
			};
			buildConfigurationList = A1CFD72629F0214900ED183D /* Build configuration list for PBXProject "NoDeny" */;
			compatibilityVersion = "Xcode 14.0";
			developmentRegion = en;
			hasScannedForEncodings = 0;
			knownRegions = (
				en,
				Base,
			);
			mainGroup = A1CFD72229F0214900ED183D;
			productRefGroup = A1CFD72C29F0214900ED183D /* Products */;
			projectDirPath = "";
			projectRoot = "";
			targets = (
				A1CFD72A29F0214900ED183D /* NoDeny */,
			);
		};
/* End PBXProject section */

/* Begin PBXResourcesBuildPhase section */
		A1CFD72929F0214900ED183D /* Resources */ = {
			isa = PBXResourcesBuildPhase;
			buildActionMask = 2147483647;
			files = (
				A1CFD73629F0214A00ED183D /* Preview Assets.xcassets in Resources */,
				A1CFD73329F0214A00ED183D /* Assets.xcassets in Resources */,
			);
			runOnlyForDeploymentPostprocessing = 0;
		};
/* End PBXResourcesBuildPhase section */

/* Begin PBXSourcesBuildPhase section */
		A1CFD72729F0214900ED183D /* Sources */ = {
			isa = PBXSourcesBuildPhase;
			buildActionMask = 2147483647;
			files = (
				84260C2F2AC9F13300FFA5E6 /* RegistrationView.swift in Sources */,
				A1D13A1329F39CC300DEA0E7 /* TarifCell.swift in Sources */,
				A1D13A0829F27B5E00DEA0E7 /* ProfileView.swift in Sources */,
				A1D13A0C29F27B9B00DEA0E7 /* SeansyView.swift in Sources */,
				84CF63B02AD1BA1C00599E46 /* ForgetPassView.swift in Sources */,
				A1D13A0E29F27BAF00DEA0E7 /* PaysView.swift in Sources */,
				A1D13A1629F407EC00DEA0E7 /* parcer.swift in Sources */,
				A1CFD73129F0214900ED183D /* AuthView.swift in Sources */,
				A1CFD73D29F0472F00ED183D /* MainMenu.swift in Sources */,
				A1D13A1129F39BB100DEA0E7 /* JsonData.swift in Sources */,
				A1CFD72F29F0214900ED183D /* NoDenyApp.swift in Sources */,
				A1D13A0A29F27B8800DEA0E7 /* UslugiView.swift in Sources */,
			);
			runOnlyForDeploymentPostprocessing = 0;
		};
/* End PBXSourcesBuildPhase section */

/* Begin XCBuildConfiguration section */
		A1CFD73729F0214A00ED183D /* Debug */ = {
			isa = XCBuildConfiguration;
			buildSettings = {
				ALWAYS_SEARCH_USER_PATHS = NO;
				CLANG_ANALYZER_NONNULL = YES;
				CLANG_ANALYZER_NUMBER_OBJECT_CONVERSION = YES_AGGRESSIVE;
				CLANG_CXX_LANGUAGE_STANDARD = "gnu++20";
				CLANG_ENABLE_MODULES = YES;
				CLANG_ENABLE_OBJC_ARC = YES;
				CLANG_ENABLE_OBJC_WEAK = YES;
				CLANG_WARN_BLOCK_CAPTURE_AUTORELEASING = YES;
				CLANG_WARN_BOOL_CONVERSION = YES;
				CLANG_WARN_COMMA = YES;
				CLANG_WARN_CONSTANT_CONVERSION = YES;
				CLANG_WARN_DEPRECATED_OBJC_IMPLEMENTATIONS = YES;
				CLANG_WARN_DIRECT_OBJC_ISA_USAGE = YES_ERROR;
				CLANG_WARN_DOCUMENTATION_COMMENTS = YES;
				CLANG_WARN_EMPTY_BODY = YES;
				CLANG_WARN_ENUM_CONVERSION = YES;
				CLANG_WARN_INFINITE_RECURSION = YES;
				CLANG_WARN_INT_CONVERSION = YES;
				CLANG_WARN_NON_LITERAL_NULL_CONVERSION = YES;
				CLANG_WARN_OBJC_IMPLICIT_RETAIN_SELF = YES;
				CLANG_WARN_OBJC_LITERAL_CONVERSION = YES;
				CLANG_WARN_OBJC_ROOT_CLASS = YES_ERROR;
				CLANG_WARN_QUOTED_INCLUDE_IN_FRAMEWORK_HEADER = YES;
				CLANG_WARN_RANGE_LOOP_ANALYSIS = YES;
				CLANG_WARN_STRICT_PROTOTYPES = YES;
				CLANG_WARN_SUSPICIOUS_MOVE = YES;
				CLANG_WARN_UNGUARDED_AVAILABILITY = YES_AGGRESSIVE;
				CLANG_WARN_UNREACHABLE_CODE = YES;
				CLANG_WARN__DUPLICATE_METHOD_MATCH = YES;
				COPY_PHASE_STRIP = NO;
				DEBUG_INFORMATION_FORMAT = dwarf;
				ENABLE_STRICT_OBJC_MSGSEND = YES;
				ENABLE_TESTABILITY = YES;
				ENABLE_USER_SCRIPT_SANDBOXING = YES;
				GCC_C_LANGUAGE_STANDARD = gnu11;
				GCC_DYNAMIC_NO_PIC = NO;
				GCC_NO_COMMON_BLOCKS = YES;
				GCC_OPTIMIZATION_LEVEL = 0;
				GCC_PREPROCESSOR_DEFINITIONS = (
					"DEBUG=1",
					"$(inherited)",
				);
				GCC_WARN_64_TO_32_BIT_CONVERSION = YES;
				GCC_WARN_ABOUT_RETURN_TYPE = YES_ERROR;
				GCC_WARN_UNDECLARED_SELECTOR = YES;
				GCC_WARN_UNINITIALIZED_AUTOS = YES_AGGRESSIVE;
				GCC_WARN_UNUSED_FUNCTION = YES;
				GCC_WARN_UNUSED_VARIABLE = YES;
				IPHONEOS_DEPLOYMENT_TARGET = 16.4;
				MTL_ENABLE_DEBUG_INFO = INCLUDE_SOURCE;
				MTL_FAST_MATH = YES;
				ONLY_ACTIVE_ARCH = YES;
				SDKROOT = iphoneos;
				SWIFT_ACTIVE_COMPILATION_CONDITIONS = DEBUG;
				SWIFT_OPTIMIZATION_LEVEL = "-Onone";
			};
			name = Debug;
		};
		A1CFD73829F0214A00ED183D /* Release */ = {
			isa = XCBuildConfiguration;
			buildSettings = {
				ALWAYS_SEARCH_USER_PATHS = NO;
				CLANG_ANALYZER_NONNULL = YES;
				CLANG_ANALYZER_NUMBER_OBJECT_CONVERSION = YES_AGGRESSIVE;
				CLANG_CXX_LANGUAGE_STANDARD = "gnu++20";
				CLANG_ENABLE_MODULES = YES;
				CLANG_ENABLE_OBJC_ARC = YES;
				CLANG_ENABLE_OBJC_WEAK = YES;
				CLANG_WARN_BLOCK_CAPTURE_AUTORELEASING = YES;
				CLANG_WARN_BOOL_CONVERSION = YES;
				CLANG_WARN_COMMA = YES;
				CLANG_WARN_CONSTANT_CONVERSION = YES;
				CLANG_WARN_DEPRECATED_OBJC_IMPLEMENTATIONS = YES;
				CLANG_WARN_DIRECT_OBJC_ISA_USAGE = YES_ERROR;
				CLANG_WARN_DOCUMENTATION_COMMENTS = YES;
				CLANG_WARN_EMPTY_BODY = YES;
				CLANG_WARN_ENUM_CONVERSION = YES;
				CLANG_WARN_INFINITE_RECURSION = YES;
				CLANG_WARN_INT_CONVERSION = YES;
				CLANG_WARN_NON_LITERAL_NULL_CONVERSION = YES;
				CLANG_WARN_OBJC_IMPLICIT_RETAIN_SELF = YES;
				CLANG_WARN_OBJC_LITERAL_CONVERSION = YES;
				CLANG_WARN_OBJC_ROOT_CLASS = YES_ERROR;
				CLANG_WARN_QUOTED_INCLUDE_IN_FRAMEWORK_HEADER = YES;
				CLANG_WARN_RANGE_LOOP_ANALYSIS = YES;
				CLANG_WARN_STRICT_PROTOTYPES = YES;
				CLANG_WARN_SUSPICIOUS_MOVE = YES;
				CLANG_WARN_UNGUARDED_AVAILABILITY = YES_AGGRESSIVE;
				CLANG_WARN_UNREACHABLE_CODE = YES;
				CLANG_WARN__DUPLICATE_METHOD_MATCH = YES;
				COPY_PHASE_STRIP = NO;
				DEBUG_INFORMATION_FORMAT = "dwarf-with-dsym";
				ENABLE_NS_ASSERTIONS = NO;
				ENABLE_STRICT_OBJC_MSGSEND = YES;
				ENABLE_USER_SCRIPT_SANDBOXING = YES;
				GCC_C_LANGUAGE_STANDARD = gnu11;
				GCC_NO_COMMON_BLOCKS = YES;
				GCC_WARN_64_TO_32_BIT_CONVERSION = YES;
				GCC_WARN_ABOUT_RETURN_TYPE = YES_ERROR;
				GCC_WARN_UNDECLARED_SELECTOR = YES;
				GCC_WARN_UNINITIALIZED_AUTOS = YES_AGGRESSIVE;
				GCC_WARN_UNUSED_FUNCTION = YES;
				GCC_WARN_UNUSED_VARIABLE = YES;
				IPHONEOS_DEPLOYMENT_TARGET = 16.4;
				MTL_ENABLE_DEBUG_INFO = NO;
				MTL_FAST_MATH = YES;
				SDKROOT = iphoneos;
				SWIFT_COMPILATION_MODE = wholemodule;
				SWIFT_OPTIMIZATION_LEVEL = "-O";
				VALIDATE_PRODUCT = YES;
			};
			name = Release;
		};
		A1CFD73A29F0214A00ED183D /* Debug */ = {
			isa = XCBuildConfiguration;
			buildSettings = {
				ASSETCATALOG_COMPILER_APPICON_NAME = AppIcon;
				ASSETCATALOG_COMPILER_GLOBAL_ACCENT_COLOR_NAME = AccentColor;
				CODE_SIGN_STYLE = Automatic;
				CURRENT_PROJECT_VERSION = 1;
				DEVELOPMENT_ASSET_PATHS = "\"NoDeny/Preview Content\"";
				DEVELOPMENT_TEAM = DL7H9GY4MB;
				ENABLE_PREVIEWS = YES;
				GENERATE_INFOPLIST_FILE = YES;
				INFOPLIST_KEY_UIApplicationSceneManifest_Generation = YES;
				INFOPLIST_KEY_UIApplicationSupportsIndirectInputEvents = YES;
				INFOPLIST_KEY_UILaunchScreen_Generation = YES;
				INFOPLIST_KEY_UISupportedInterfaceOrientations_iPad = "UIInterfaceOrientationPortrait UIInterfaceOrientationPortraitUpsideDown UIInterfaceOrientationLandscapeLeft UIInterfaceOrientationLandscapeRight";
				INFOPLIST_KEY_UISupportedInterfaceOrientations_iPhone = "UIInterfaceOrientationPortrait UIInterfaceOrientationLandscapeLeft UIInterfaceOrientationLandscapeRight";
				LD_RUNPATH_SEARCH_PATHS = (
					"$(inherited)",
					"@executable_path/Frameworks",
				);
				MARKETING_VERSION = 1.0;
				PRODUCT_BUNDLE_IDENTIFIER = evgeniy.podyachev.NoDeny;
				PRODUCT_NAME = "$(TARGET_NAME)";
				SWIFT_EMIT_LOC_STRINGS = YES;
				SWIFT_VERSION = 5.0;
				TARGETED_DEVICE_FAMILY = "1,2";
			};
			name = Debug;
		};
		A1CFD73B29F0214A00ED183D /* Release */ = {
			isa = XCBuildConfiguration;
			buildSettings = {
				ASSETCATALOG_COMPILER_APPICON_NAME = AppIcon;
				ASSETCATALOG_COMPILER_GLOBAL_ACCENT_COLOR_NAME = AccentColor;
				CODE_SIGN_STYLE = Automatic;
				CURRENT_PROJECT_VERSION = 1;
				DEVELOPMENT_ASSET_PATHS = "\"NoDeny/Preview Content\"";
				DEVELOPMENT_TEAM = DL7H9GY4MB;
				ENABLE_PREVIEWS = YES;
				GENERATE_INFOPLIST_FILE = YES;
				INFOPLIST_KEY_UIApplicationSceneManifest_Generation = YES;
				INFOPLIST_KEY_UIApplicationSupportsIndirectInputEvents = YES;
				INFOPLIST_KEY_UILaunchScreen_Generation = YES;
				INFOPLIST_KEY_UISupportedInterfaceOrientations_iPad = "UIInterfaceOrientationPortrait UIInterfaceOrientationPortraitUpsideDown UIInterfaceOrientationLandscapeLeft UIInterfaceOrientationLandscapeRight";
				INFOPLIST_KEY_UISupportedInterfaceOrientations_iPhone = "UIInterfaceOrientationPortrait UIInterfaceOrientationLandscapeLeft UIInterfaceOrientationLandscapeRight";
				LD_RUNPATH_SEARCH_PATHS = (
					"$(inherited)",
					"@executable_path/Frameworks",
				);
				MARKETING_VERSION = 1.0;
				PRODUCT_BUNDLE_IDENTIFIER = evgeniy.podyachev.NoDeny;
				PRODUCT_NAME = "$(TARGET_NAME)";
				SWIFT_EMIT_LOC_STRINGS = YES;
				SWIFT_VERSION = 5.0;
				TARGETED_DEVICE_FAMILY = "1,2";
			};
			name = Release;
		};
/* End XCBuildConfiguration section */

/* Begin XCConfigurationList section */
		A1CFD72629F0214900ED183D /* Build configuration list for PBXProject "NoDeny" */ = {
			isa = XCConfigurationList;
			buildConfigurations = (
				A1CFD73729F0214A00ED183D /* Debug */,
				A1CFD73829F0214A00ED183D /* Release */,
			);
			defaultConfigurationIsVisible = 0;
			defaultConfigurationName = Release;
		};
		A1CFD73929F0214A00ED183D /* Build configuration list for PBXNativeTarget "NoDeny" */ = {
			isa = XCConfigurationList;
			buildConfigurations = (
				A1CFD73A29F0214A00ED183D /* Debug */,
				A1CFD73B29F0214A00ED183D /* Release */,
			);
			defaultConfigurationIsVisible = 0;
			defaultConfigurationName = Release;
		};
/* End XCConfigurationList section */
	};
	rootObject = A1CFD72329F0214900ED183D /* Project object */;
}
